
Microsoft Visual Studio Solution File, Format Version 12.00
# Visual Studio Version 16
VisualStudioVersion = 16.0.30804.86
MinimumVisualStudioVersion = 10.0.40219.1
Project("{FAE04EC0-301F-11D3-BF4B-00C04F79EFBC}") = "csharpProblems", "ConsoleApp1\csharpProblems.csproj", "{835B5449-01E0-46F0-8E3E-2A6698111E50}"
EndProject
Global
	GlobalSection(SolutionConfigurationPlatforms) = preSolution
		Debug|Any CPU = Debug|Any CPU
		Release|Any CPU = Release|Any CPU
	EndGlobalSection
	GlobalSection(ProjectConfigurationPlatforms) = postSolution
		{835B5449-01E0-46F0-8E3E-2A6698111E50}.Debug|Any CPU.ActiveCfg = Debug|Any CPU
		{835B5449-01E0-46F0-8E3E-2A6698111E50}.Debug|Any CPU.Build.0 = Debug|Any CPU
		{835B5449-01E0-46F0-8E3E-2A6698111E50}.Release|Any CPU.ActiveCfg = Release|Any CPU
		{835B5449-01E0-46F0-8E3E-2A6698111E50}.Release|Any CPU.Build.0 = Release|Any CPU
	EndGlobalSection
	GlobalSection(SolutionProperties) = preSolution
		HideSolutionNode = FALSE
	EndGlobalSection
	GlobalSection(ExtensibilityGlobals) = postSolution
		SolutionGuid = {52944D99-5795-4473-B95F-6E0B4306207C}
	EndGlobalSection
EndGlobal
